# THIS IS AN AUTOGENERATED FILE. DO NOT EDIT THIS FILE DIRECTLY.
# yarn lockfile v1


"@types/json5@^0.0.29":
  version "0.0.29"
  resolved "https://r.cnpmjs.org/@types/json5/download/@types/json5-0.0.29.tgz#ee28707ae94e11d2b827bcbe5270bcea7f3e71ee"
  integrity sha1-7ihweulOEdK4J7y+UnC86n8+ce4=

json5@^1.0.1:
  version "1.0.1"
  resolved "https://r.cnpmjs.org/json5/download/json5-1.0.1.tgz#779fb0018604fa854eacbf6252180d83543e3dbe"
  integrity sha1-d5+wAYYE+oVOrL9iUhgNg1Q+Pb4=
  dependencies:
    minimist "^1.2.0"

minimist@^1.2.0:
  version "1.2.5"
  resolved "https://r.cnpmjs.org/minimist/download/minimist-1.2.5.tgz#67d66014b66a6a8aaa0c083c5fd58df4e4e97602"
  integrity sha1-Z9ZgFLZqaoqqDAg8X9WN9OTpdgI=

strip-bom@^3.0.0:
  version "3.0.0"
  resolved "https://r.cnpmjs.org/strip-bom/download/strip-bom-3.0.0.tgz#2334c18e9c759f7bdd56fdef7e9ae3d588e68ed3"
  integrity sha1-IzTBjpx1n3vdVv3vfprj1YjmjtM=

tsconfig-paths@^3.11.0:
  version "3.11.0"
  resolved "https://r.cnpmjs.org/tsconfig-paths/download/tsconfig-paths-3.11.0.tgz#954c1fe973da6339c78e06b03ce2e48810b65f36"
  integrity sha1-lUwf6XPaYznHjgawPOLkiBC2XzY=
  dependencies:
    "@types/json5" "^0.0.29"
    json5 "^1.0.1"
    minimist "^1.2.0"
    strip-bom "^3.0.0"
